// !$*UTF8*$!
{
	archiveVersion = 1;
	classes = {
	};
	objectVersion = 56;
	objects = {

/* Begin PBXBuildFile section */
		505FDE602AB5FE7A0033AF53 /* GameView.swift in Sources */ = {isa = PBXBuildFile; fileRef = 505FDE5F2AB5FE7A0033AF53 /* GameView.swift */; };
		505FDE622AB5FFC00033AF53 /* ManageMatch.swift in Sources */ = {isa = PBXBuildFile; fileRef = 505FDE612AB5FFC00033AF53 /* ManageMatch.swift */; };
		505FDE642AB601B60033AF53 /* Game.swift in Sources */ = {isa = PBXBuildFile; fileRef = 505FDE632AB601B60033AF53 /* Game.swift */; };
		505FDE662AB60C000033AF53 /* DrawingView.swift in Sources */ = {isa = PBXBuildFile; fileRef = 505FDE652AB60C000033AF53 /* DrawingView.swift */; };
		505FDE682AB626320033AF53 /* DrawerGameView.swift in Sources */ = {isa = PBXBuildFile; fileRef = 505FDE672AB626320033AF53 /* DrawerGameView.swift */; };
		93730F5C2AB5F778006EB2B9 /* SkySyncApp.swift in Sources */ = {isa = PBXBuildFile; fileRef = 93730F5B2AB5F778006EB2B9 /* SkySyncApp.swift */; };
		93730F5E2AB5F778006EB2B9 /* ContentView.swift in Sources */ = {isa = PBXBuildFile; fileRef = 93730F5D2AB5F778006EB2B9 /* ContentView.swift */; };
		93730F602AB5F77C006EB2B9 /* Assets.xcassets in Resources */ = {isa = PBXBuildFile; fileRef = 93730F5F2AB5F77C006EB2B9 /* Assets.xcassets */; };
		93730F632AB5F77C006EB2B9 /* Preview Assets.xcassets in Resources */ = {isa = PBXBuildFile; fileRef = 93730F622AB5F77C006EB2B9 /* Preview Assets.xcassets */; };
/* End PBXBuildFile section */

/* Begin PBXFileReference section */
		505FDE5F2AB5FE7A0033AF53 /* GameView.swift */ = {isa = PBXFileReference; lastKnownFileType = sourcecode.swift; path = GameView.swift; sourceTree = "<group>"; };
		505FDE612AB5FFC00033AF53 /* ManageMatch.swift */ = {isa = PBXFileReference; lastKnownFileType = sourcecode.swift; path = ManageMatch.swift; sourceTree = "<group>"; };
		505FDE632AB601B60033AF53 /* Game.swift */ = {isa = PBXFileReference; lastKnownFileType = sourcecode.swift; path = Game.swift; sourceTree = "<group>"; };
		505FDE652AB60C000033AF53 /* DrawingView.swift */ = {isa = PBXFileReference; lastKnownFileType = sourcecode.swift; path = DrawingView.swift; sourceTree = "<group>"; };
		505FDE672AB626320033AF53 /* DrawerGameView.swift */ = {isa = PBXFileReference; lastKnownFileType = sourcecode.swift; path = DrawerGameView.swift; sourceTree = "<group>"; };
		93730F582AB5F778006EB2B9 /* SkySync.app */ = {isa = PBXFileReference; explicitFileType = wrapper.application; includeInIndex = 0; path = SkySync.app; sourceTree = BUILT_PRODUCTS_DIR; };
		93730F5B2AB5F778006EB2B9 /* SkySyncApp.swift */ = {isa = PBXFileReference; lastKnownFileType = sourcecode.swift; path = SkySyncApp.swift; sourceTree = "<group>"; };
		93730F5D2AB5F778006EB2B9 /* ContentView.swift */ = {isa = PBXFileReference; lastKnownFileType = sourcecode.swift; path = ContentView.swift; sourceTree = "<group>"; };
		93730F5F2AB5F77C006EB2B9 /* Assets.xcassets */ = {isa = PBXFileReference; lastKnownFileType = folder.assetcatalog; path = Assets.xcassets; sourceTree = "<group>"; };
		93730F622AB5F77C006EB2B9 /* Preview Assets.xcassets */ = {isa = PBXFileReference; lastKnownFileType = folder.assetcatalog; path = "Preview Assets.xcassets"; sourceTree = "<group>"; };
/* End PBXFileReference section */

/* Begin PBXFrameworksBuildPhase section */
		93730F552AB5F778006EB2B9 /* Frameworks */ = {
			isa = PBXFrameworksBuildPhase;
			buildActionMask = 2147483647;
			files = (
			);
			runOnlyForDeploymentPostprocessing = 0;
		};
/* End PBXFrameworksBuildPhase section */

/* Begin PBXGroup section */
		505FDE5C2AB5FDB70033AF53 /* Pictionary */ = {
			isa = PBXGroup;
			children = (
				505FDE5F2AB5FE7A0033AF53 /* GameView.swift */,
				505FDE612AB5FFC00033AF53 /* ManageMatch.swift */,
				505FDE632AB601B60033AF53 /* Game.swift */,
				505FDE652AB60C000033AF53 /* DrawingView.swift */,
				505FDE672AB626320033AF53 /* DrawerGameView.swift */,
			);
			path = Pictionary;
			sourceTree = "<group>";
		};
		93730F4F2AB5F778006EB2B9 = {
			isa = PBXGroup;
			children = (
				93730F5A2AB5F778006EB2B9 /* SkySync */,
				93730F592AB5F778006EB2B9 /* Products */,
			);
			sourceTree = "<group>";
		};
		93730F592AB5F778006EB2B9 /* Products */ = {
			isa = PBXGroup;
			children = (
				93730F582AB5F778006EB2B9 /* SkySync.app */,
			);
			name = Products;
			sourceTree = "<group>";
		};
		93730F5A2AB5F778006EB2B9 /* SkySync */ = {
			isa = PBXGroup;
			children = (
				93730F5B2AB5F778006EB2B9 /* SkySyncApp.swift */,
				93730F5D2AB5F778006EB2B9 /* ContentView.swift */,
				505FDE5C2AB5FDB70033AF53 /* Pictionary */,
				93730F5F2AB5F77C006EB2B9 /* Assets.xcassets */,
				93730F612AB5F77C006EB2B9 /* Preview Content */,
			);
			path = SkySync;
			sourceTree = "<group>";
		};
		93730F612AB5F77C006EB2B9 /* Preview Content */ = {
			isa = PBXGroup;
			children = (
				93730F622AB5F77C006EB2B9 /* Preview Assets.xcassets */,
			);
			path = "Preview Content";
			sourceTree = "<group>";
		};
/* End PBXGroup section */

/* Begin PBXNativeTarget section */
		93730F572AB5F778006EB2B9 /* SkySync */ = {
			isa = PBXNativeTarget;
			buildConfigurationList = 93730F662AB5F77C006EB2B9 /* Build configuration list for PBXNativeTarget "SkySync" */;
			buildPhases = (
				93730F542AB5F778006EB2B9 /* Sources */,
				93730F552AB5F778006EB2B9 /* Frameworks */,
				93730F562AB5F778006EB2B9 /* Resources */,
			);
			buildRules = (
			);
			dependencies = (
			);
			name = SkySync;
			productName = SkySync;
			productReference = 93730F582AB5F778006EB2B9 /* SkySync.app */;
			productType = "com.apple.product-type.application";
		};
/* End PBXNativeTarget section */

/* Begin PBXProject section */
		93730F502AB5F778006EB2B9 /* Project object */ = {
			isa = PBXProject;
			attributes = {
				BuildIndependentTargetsInParallel = 1;
				LastSwiftUpdateCheck = 1430;
				LastUpgradeCheck = 1430;
				TargetAttributes = {
					93730F572AB5F778006EB2B9 = {
						CreatedOnToolsVersion = 14.3.1;
					};
				};
			};
			buildConfigurationList = 93730F532AB5F778006EB2B9 /* Build configuration list for PBXProject "SkySync" */;
			compatibilityVersion = "Xcode 14.0";
			developmentRegion = en;
			hasScannedForEncodings = 0;
			knownRegions = (
				en,
				Base,
			);
			mainGroup = 93730F4F2AB5F778006EB2B9;
			productRefGroup = 93730F592AB5F778006EB2B9 /* Products */;
			projectDirPath = "";
			projectRoot = "";
			targets = (
				93730F572AB5F778006EB2B9 /* SkySync */,
			);
		};
/* End PBXProject section */

/* Begin PBXResourcesBuildPhase section */
		93730F562AB5F778006EB2B9 /* Resources */ = {
			isa = PBXResourcesBuildPhase;
			buildActionMask = 2147483647;
			files = (
				93730F632AB5F77C006EB2B9 /* Preview Assets.xcassets in Resources */,
				93730F602AB5F77C006EB2B9 /* Assets.xcassets in Resources */,
			);
			runOnlyForDeploymentPostprocessing = 0;
		};
/* End PBXResourcesBuildPhase section */

/* Begin PBXSourcesBuildPhase section */
		93730F542AB5F778006EB2B9 /* Sources */ = {
			isa = PBXSourcesBuildPhase;
			buildActionMask = 2147483647;
			files = (
				505FDE682AB626320033AF53 /* DrawerGameView.swift in Sources */,
				93730F5E2AB5F778006EB2B9 /* ContentView.swift in Sources */,
				505FDE642AB601B60033AF53 /* Game.swift in Sources */,
				505FDE622AB5FFC00033AF53 /* ManageMatch.swift in Sources */,
				505FDE662AB60C000033AF53 /* DrawingView.swift in Sources */,
				93730F5C2AB5F778006EB2B9 /* SkySyncApp.swift in Sources */,
				505FDE602AB5FE7A0033AF53 /* GameView.swift in Sources */,
			);
			runOnlyForDeploymentPostprocessing = 0;
		};
/* End PBXSourcesBuildPhase section */

/* Begin XCBuildConfiguration section */
		93730F642AB5F77C006EB2B9 /* Debug */ = {
			isa = XCBuildConfiguration;
			buildSettings = {
				ALWAYS_SEARCH_USER_PATHS = NO;
				CLANG_ANALYZER_NONNULL = YES;
				CLANG_ANALYZER_NUMBER_OBJECT_CONVERSION = YES_AGGRESSIVE;
				CLANG_CXX_LANGUAGE_STANDARD = "gnu++20";
				CLANG_ENABLE_MODULES = YES;
				CLANG_ENABLE_OBJC_ARC = YES;
				CLANG_ENABLE_OBJC_WEAK = YES;
				CLANG_WARN_BLOCK_CAPTURE_AUTORELEASING = YES;
				CLANG_WARN_BOOL_CONVERSION = YES;
				CLANG_WARN_COMMA = YES;
				CLANG_WARN_CONSTANT_CONVERSION = YES;
				CLANG_WARN_DEPRECATED_OBJC_IMPLEMENTATIONS = YES;
				CLANG_WARN_DIRECT_OBJC_ISA_USAGE = YES_ERROR;
				CLANG_WARN_DOCUMENTATION_COMMENTS = YES;
				CLANG_WARN_EMPTY_BODY = YES;
				CLANG_WARN_ENUM_CONVERSION = YES;
				CLANG_WARN_INFINITE_RECURSION = YES;
				CLANG_WARN_INT_CONVERSION = YES;
				CLANG_WARN_NON_LITERAL_NULL_CONVERSION = YES;
				CLANG_WARN_OBJC_IMPLICIT_RETAIN_SELF = YES;
				CLANG_WARN_OBJC_LITERAL_CONVERSION = YES;
				CLANG_WARN_OBJC_ROOT_CLASS = YES_ERROR;
				CLANG_WARN_QUOTED_INCLUDE_IN_FRAMEWORK_HEADER = YES;
				CLANG_WARN_RANGE_LOOP_ANALYSIS = YES;
				CLANG_WARN_STRICT_PROTOTYPES = YES;
				CLANG_WARN_SUSPICIOUS_MOVE = YES;
				CLANG_WARN_UNGUARDED_AVAILABILITY = YES_AGGRESSIVE;
				CLANG_WARN_UNREACHABLE_CODE = YES;
				CLANG_WARN__DUPLICATE_METHOD_MATCH = YES;
				COPY_PHASE_STRIP = NO;
				DEBUG_INFORMATION_FORMAT = dwarf;
				ENABLE_STRICT_OBJC_MSGSEND = YES;
				ENABLE_TESTABILITY = YES;
				GCC_C_LANGUAGE_STANDARD = gnu11;
				GCC_DYNAMIC_NO_PIC = NO;
				GCC_NO_COMMON_BLOCKS = YES;
				GCC_OPTIMIZATION_LEVEL = 0;
				GCC_PREPROCESSOR_DEFINITIONS = (
					"DEBUG=1",
					"$(inherited)",
				);
				GCC_WARN_64_TO_32_BIT_CONVERSION = YES;
				GCC_WARN_ABOUT_RETURN_TYPE = YES_ERROR;
				GCC_WARN_UNDECLARED_SELECTOR = YES;
				GCC_WARN_UNINITIALIZED_AUTOS = YES_AGGRESSIVE;
				GCC_WARN_UNUSED_FUNCTION = YES;
				GCC_WARN_UNUSED_VARIABLE = YES;
				IPHONEOS_DEPLOYMENT_TARGET = 16.4;
				MTL_ENABLE_DEBUG_INFO = INCLUDE_SOURCE;
				MTL_FAST_MATH = YES;
				ONLY_ACTIVE_ARCH = YES;
				SDKROOT = iphoneos;
				SWIFT_ACTIVE_COMPILATION_CONDITIONS = DEBUG;
				SWIFT_OPTIMIZATION_LEVEL = "-Onone";
			};
			name = Debug;
		};
		93730F652AB5F77C006EB2B9 /* Release */ = {
			isa = XCBuildConfiguration;
			buildSettings = {
				ALWAYS_SEARCH_USER_PATHS = NO;
				CLANG_ANALYZER_NONNULL = YES;
				CLANG_ANALYZER_NUMBER_OBJECT_CONVERSION = YES_AGGRESSIVE;
				CLANG_CXX_LANGUAGE_STANDARD = "gnu++20";
				CLANG_ENABLE_MODULES = YES;
				CLANG_ENABLE_OBJC_ARC = YES;
				CLANG_ENABLE_OBJC_WEAK = YES;
				CLANG_WARN_BLOCK_CAPTURE_AUTORELEASING = YES;
				CLANG_WARN_BOOL_CONVERSION = YES;
				CLANG_WARN_COMMA = YES;
				CLANG_WARN_CONSTANT_CONVERSION = YES;
				CLANG_WARN_DEPRECATED_OBJC_IMPLEMENTATIONS = YES;
				CLANG_WARN_DIRECT_OBJC_ISA_USAGE = YES_ERROR;
				CLANG_WARN_DOCUMENTATION_COMMENTS = YES;
				CLANG_WARN_EMPTY_BODY = YES;
				CLANG_WARN_ENUM_CONVERSION = YES;
				CLANG_WARN_INFINITE_RECURSION = YES;
				CLANG_WARN_INT_CONVERSION = YES;
				CLANG_WARN_NON_LITERAL_NULL_CONVERSION = YES;
				CLANG_WARN_OBJC_IMPLICIT_RETAIN_SELF = YES;
				CLANG_WARN_OBJC_LITERAL_CONVERSION = YES;
				CLANG_WARN_OBJC_ROOT_CLASS = YES_ERROR;
				CLANG_WARN_QUOTED_INCLUDE_IN_FRAMEWORK_HEADER = YES;
				CLANG_WARN_RANGE_LOOP_ANALYSIS = YES;
				CLANG_WARN_STRICT_PROTOTYPES = YES;
				CLANG_WARN_SUSPICIOUS_MOVE = YES;
				CLANG_WARN_UNGUARDED_AVAILABILITY = YES_AGGRESSIVE;
				CLANG_WARN_UNREACHABLE_CODE = YES;
				CLANG_WARN__DUPLICATE_METHOD_MATCH = YES;
				COPY_PHASE_STRIP = NO;
				DEBUG_INFORMATION_FORMAT = "dwarf-with-dsym";
				ENABLE_NS_ASSERTIONS = NO;
				ENABLE_STRICT_OBJC_MSGSEND = YES;
				GCC_C_LANGUAGE_STANDARD = gnu11;
				GCC_NO_COMMON_BLOCKS = YES;
				GCC_WARN_64_TO_32_BIT_CONVERSION = YES;
				GCC_WARN_ABOUT_RETURN_TYPE = YES_ERROR;
				GCC_WARN_UNDECLARED_SELECTOR = YES;
				GCC_WARN_UNINITIALIZED_AUTOS = YES_AGGRESSIVE;
				GCC_WARN_UNUSED_FUNCTION = YES;
				GCC_WARN_UNUSED_VARIABLE = YES;
				IPHONEOS_DEPLOYMENT_TARGET = 16.4;
				MTL_ENABLE_DEBUG_INFO = NO;
				MTL_FAST_MATH = YES;
				SDKROOT = iphoneos;
				SWIFT_COMPILATION_MODE = wholemodule;
				SWIFT_OPTIMIZATION_LEVEL = "-O";
				VALIDATE_PRODUCT = YES;
			};
			name = Release;
		};
		93730F672AB5F77C006EB2B9 /* Debug */ = {
			isa = XCBuildConfiguration;
			buildSettings = {
				ASSETCATALOG_COMPILER_APPICON_NAME = AppIcon;
				ASSETCATALOG_COMPILER_GLOBAL_ACCENT_COLOR_NAME = AccentColor;
				CODE_SIGN_STYLE = Automatic;
				CURRENT_PROJECT_VERSION = 1;
				DEVELOPMENT_ASSET_PATHS = "\"SkySync/Preview Content\"";
				DEVELOPMENT_TEAM = KYZSZP83JV;
				ENABLE_PREVIEWS = YES;
				GENERATE_INFOPLIST_FILE = YES;
				INFOPLIST_KEY_UIApplicationSceneManifest_Generation = YES;
				INFOPLIST_KEY_UIApplicationSupportsIndirectInputEvents = YES;
				INFOPLIST_KEY_UILaunchScreen_Generation = YES;
				INFOPLIST_KEY_UISupportedInterfaceOrientations_iPad = "UIInterfaceOrientationPortrait UIInterfaceOrientationPortraitUpsideDown UIInterfaceOrientationLandscapeLeft UIInterfaceOrientationLandscapeRight";
				INFOPLIST_KEY_UISupportedInterfaceOrientations_iPhone = "UIInterfaceOrientationPortrait UIInterfaceOrientationLandscapeLeft UIInterfaceOrientationLandscapeRight";
				LD_RUNPATH_SEARCH_PATHS = (
					"$(inherited)",
					"@executable_path/Frameworks",
				);
				MARKETING_VERSION = 1.0;
				PRODUCT_BUNDLE_IDENTIFIER = com.kingfish.SkySync;
				PRODUCT_NAME = "$(TARGET_NAME)";
				SWIFT_EMIT_LOC_STRINGS = YES;
				SWIFT_VERSION = 5.0;
				TARGETED_DEVICE_FAMILY = "1,2";
			};
			name = Debug;
		};
		93730F682AB5F77C006EB2B9 /* Release */ = {
			isa = XCBuildConfiguration;
			buildSettings = {
				ASSETCATALOG_COMPILER_APPICON_NAME = AppIcon;
				ASSETCATALOG_COMPILER_GLOBAL_ACCENT_COLOR_NAME = AccentColor;
				CODE_SIGN_STYLE = Automatic;
				CURRENT_PROJECT_VERSION = 1;
				DEVELOPMENT_ASSET_PATHS = "\"SkySync/Preview Content\"";
				DEVELOPMENT_TEAM = KYZSZP83JV;
				ENABLE_PREVIEWS = YES;
				GENERATE_INFOPLIST_FILE = YES;
				INFOPLIST_KEY_UIApplicationSceneManifest_Generation = YES;
				INFOPLIST_KEY_UIApplicationSupportsIndirectInputEvents = YES;
				INFOPLIST_KEY_UILaunchScreen_Generation = YES;
				INFOPLIST_KEY_UISupportedInterfaceOrientations_iPad = "UIInterfaceOrientationPortrait UIInterfaceOrientationPortraitUpsideDown UIInterfaceOrientationLandscapeLeft UIInterfaceOrientationLandscapeRight";
				INFOPLIST_KEY_UISupportedInterfaceOrientations_iPhone = "UIInterfaceOrientationPortrait UIInterfaceOrientationLandscapeLeft UIInterfaceOrientationLandscapeRight";
				LD_RUNPATH_SEARCH_PATHS = (
					"$(inherited)",
					"@executable_path/Frameworks",
				);
				MARKETING_VERSION = 1.0;
				PRODUCT_BUNDLE_IDENTIFIER = com.kingfish.SkySync;
				PRODUCT_NAME = "$(TARGET_NAME)";
				SWIFT_EMIT_LOC_STRINGS = YES;
				SWIFT_VERSION = 5.0;
				TARGETED_DEVICE_FAMILY = "1,2";
			};
			name = Release;
		};
/* End XCBuildConfiguration section */

/* Begin XCConfigurationList section */
		93730F532AB5F778006EB2B9 /* Build configuration list for PBXProject "SkySync" */ = {
			isa = XCConfigurationList;
			buildConfigurations = (
				93730F642AB5F77C006EB2B9 /* Debug */,
				93730F652AB5F77C006EB2B9 /* Release */,
			);
			defaultConfigurationIsVisible = 0;
			defaultConfigurationName = Release;
		};
		93730F662AB5F77C006EB2B9 /* Build configuration list for PBXNativeTarget "SkySync" */ = {
			isa = XCConfigurationList;
			buildConfigurations = (
				93730F672AB5F77C006EB2B9 /* Debug */,
				93730F682AB5F77C006EB2B9 /* Release */,
			);
			defaultConfigurationIsVisible = 0;
			defaultConfigurationName = Release;
		};
/* End XCConfigurationList section */
	};
	rootObject = 93730F502AB5F778006EB2B9 /* Project object */;
}
